
Microsoft Visual Studio Solution File, Format Version 12.00
# Visual Studio 14
VisualStudioVersion = 14.0.25420.1
MinimumVisualStudioVersion = 10.0.40219.1
Project("{FAE04EC0-301F-11D3-BF4B-00C04F79EFBC}") = "ThreeAmigos", "ThreeAmigos\ThreeAmigos.csproj", "{CD6B8EAC-AF9B-4F84-8F2D-827CFD57DF91}"
EndProject
Project("{FAE04EC0-301F-11D3-BF4B-00C04F79EFBC}") = "ThreeAmigos.Tests", "ThreeAmigos.Tests\ThreeAmigos.Tests.csproj", "{1BFC6779-C630-4A85-8ECE-28ACE6DF8BE4}"
EndProject
Project("{2150E333-8FDC-42A3-9474-1A3956D46DE8}") = "Services", "Services", "{6297BDB4-1B98-419A-974A-6CCC30BA3A67}"
EndProject
Project("{2150E333-8FDC-42A3-9474-1A3956D46DE8}") = "Integrations", "Integrations", "{0B7E78F1-1037-402F-8692-CFB57B2CEDBC}"
EndProject
Project("{FAE04EC0-301F-11D3-BF4B-00C04F79EFBC}") = "ThreeAmigos.Admin", "ThreeAmigos.Admin\ThreeAmigos.Admin.csproj", "{8D0246E8-06C4-450E-AAE7-336E2B5F0613}"
EndProject
Project("{FAE04EC0-301F-11D3-BF4B-00C04F79EFBC}") = "ThreeAmigos.Data", "ThreeAmigos.Data\ThreeAmigos.Data.csproj", "{3FE39592-D8BE-4DDE-B344-588BCBC9307B}"
EndProject
Project("{FAE04EC0-301F-11D3-BF4B-00C04F79EFBC}") = "ThreeAmigos.Data.Models", "ThreeAmigos.Data.Models\ThreeAmigos.Data.Models.csproj", "{CD960660-E3D4-4CB8-BFF3-98267DFE690D}"
EndProject
Project("{FAE04EC0-301F-11D3-BF4B-00C04F79EFBC}") = "ThreeAmigos.Data.Repository", "ThreeAmigos.Data.Repository\ThreeAmigos.Data.Repository.csproj", "{62A9127D-FD7A-449D-8016-14721C3C7037}"
EndProject
Project("{FAE04EC0-301F-11D3-BF4B-00C04F79EFBC}") = "ThreeAmigos.Domain", "ThreeAmigos.Domain\ThreeAmigos.Domain.csproj", "{54104658-C5DD-474F-99BA-F9EC54028120}"
EndProject
Project("{FAE04EC0-301F-11D3-BF4B-00C04F79EFBC}") = "ThreeAmigos.Interfaces", "ThreeAmigos.Interfaces\ThreeAmigos.Interfaces.csproj", "{2959BA3E-5FB2-4862-8E99-652551F35CE4}"
EndProject
Project("{FAE04EC0-301F-11D3-BF4B-00C04F79EFBC}") = "ThreeAmigos.IoC", "ThreeAmigos.IoC\ThreeAmigos.IoC.csproj", "{E69804FD-C73F-49B1-84ED-7FD8B21E4712}"
EndProject
Project("{FAE04EC0-301F-11D3-BF4B-00C04F79EFBC}") = "ThreeAmigos.Services.Account", "ThreeAmigo.Services.Account\ThreeAmigos.Services.Account.csproj", "{63794A2A-9265-4A4C-810E-C4C2EE7723C1}"
EndProject
Project("{FAE04EC0-301F-11D3-BF4B-00C04F79EFBC}") = "ThreeAmigos.Services.Authentication", "ThreeAmigos.Services.Authentication\ThreeAmigos.Services.Authentication.csproj", "{FD680D52-4E43-4DFB-9949-BADDB74B1BBE}"
EndProject
Project("{FAE04EC0-301F-11D3-BF4B-00C04F79EFBC}") = "ThreeAmigos.Services.Basket", "ThreeAmigos.Services.Basket\ThreeAmigos.Services.Basket.csproj", "{7304BCDD-40C6-4CED-801D-69B15CC3FDE0}"
EndProject
Project("{FAE04EC0-301F-11D3-BF4B-00C04F79EFBC}") = "ThreeAmigos.Services.Store", "ThreeAmigos.Services.Store\ThreeAmigos.Services.Store.csproj", "{F7BBDDA5-1D08-42DF-9948-C629117E3BFF}"
EndProject
Project("{FAE04EC0-301F-11D3-BF4B-00C04F79EFBC}") = "ThreeAmigos.Integrations.Aggregator", "ThreeAmigos.Integrations.Aggregator\ThreeAmigos.Integrations.Aggregator.csproj", "{3E62A434-EADF-4C81-8D47-F1AE1F9C10DB}"
EndProject
Project("{FAE04EC0-301F-11D3-BF4B-00C04F79EFBC}") = "ThreeAmigos.Integrations.BazzasBazzar", "ThreeAmigos.Integrations.BazzasBazzar\ThreeAmigos.Integrations.BazzasBazzar.csproj", "{8B4058AB-78A2-48AE-9CAD-8D3108606511}"
EndProject
Project("{FAE04EC0-301F-11D3-BF4B-00C04F79EFBC}") = "ThreeAmigos.Integrations.DavisonStore", "ThreeAmigos.Integrations.DavisonStore\ThreeAmigos.Integrations.DavisonStore.csproj", "{6F8A3264-C9AF-4AC7-AF38-D9586635CC9B}"
EndProject
Project("{FAE04EC0-301F-11D3-BF4B-00C04F79EFBC}") = "ThreeAmigos.Integrations.Dispatcher", "ThreeAmigos.Integrations.Dispatcher\ThreeAmigos.Integrations.Dispatcher.csproj", "{B2090424-86D2-4F1D-9736-A1F4D5C5B71F}"
EndProject
Project("{FAE04EC0-301F-11D3-BF4B-00C04F79EFBC}") = "ThreeAmigos.Integrations.DodgyDealers", "ThreeAmigos.Integrations.DodgyDealers\ThreeAmigos.Integrations.DodgyDealers.csproj", "{A1E3D9AE-048F-473A-9EBF-A767F7499B5F}"
EndProject
Project("{FAE04EC0-301F-11D3-BF4B-00C04F79EFBC}") = "ThreeAmigos.Integrations.KhansMart", "ThreeAmigos.Integrations.KhansMark\ThreeAmigos.Integrations.KhansMart.csproj", "{F3FC99FA-9D69-4147-A4C9-84C50E1DDD75}"
EndProject
Project("{FAE04EC0-301F-11D3-BF4B-00C04F79EFBC}") = "ThreeAmigos.Integrations.UnderCutters", "ThreeAmigos.Integrations.UnderCutters\ThreeAmigos.Integrations.UnderCutters.csproj", "{B6EA2FCF-C3A8-48ED-AAF6-08452EFBD457}"
EndProject
Project("{FAE04EC0-301F-11D3-BF4B-00C04F79EFBC}") = "ThreeAmigos.Integrations.Aggregator.Tests", "ThreeAmigos.Integrations.Aggregator.Tests\ThreeAmigos.Integrations.Aggregator.Tests.csproj", "{DFA1B9A2-0C44-4282-B4FD-B7EADDE96FE7}"
EndProject
Project("{FAE04EC0-301F-11D3-BF4B-00C04F79EFBC}") = "ThreeAmigos.Integrations.BazzasBazzar.Tests", "ThreeAmigos.Integrations.BazzasBazzar.Tests\ThreeAmigos.Integrations.BazzasBazzar.Tests.csproj", "{8FE3F1B4-5EB3-478B-8FC3-1560A3473810}"
EndProject
Project("{FAE04EC0-301F-11D3-BF4B-00C04F79EFBC}") = "ThreeAmigos.Integrations.DavisonStore.Tests", "ThreeAmigos.Integrations.DavisonStore.Tests\ThreeAmigos.Integrations.DavisonStore.Tests.csproj", "{CE11498F-88DC-4487-9CB8-6971144B8E33}"
EndProject
Project("{FAE04EC0-301F-11D3-BF4B-00C04F79EFBC}") = "ThreeAmigos.Integrations.Dispatcher.Tests", "ThreeAmigos.Integrations.Dispatcher.Tests\ThreeAmigos.Integrations.Dispatcher.Tests.csproj", "{43FD6C96-4123-4B16-828B-0DF90D13C7C3}"
EndProject
Project("{FAE04EC0-301F-11D3-BF4B-00C04F79EFBC}") = "ThreeAmigos.Integrations.DodgyDealers.Tests", "ThreeAmigos.Integrations.DodgyDealers.Tests\ThreeAmigos.Integrations.DodgyDealers.Tests.csproj", "{498AB994-E082-4D9A-B98C-4AC8623EC0FC}"
EndProject
Project("{FAE04EC0-301F-11D3-BF4B-00C04F79EFBC}") = "ThreeAmigos.Integrations.KhansMart.Tests", "ThreeAmigos.Integrations.KhansMart.Tests\ThreeAmigos.Integrations.KhansMart.Tests.csproj", "{66286E6C-5855-402A-A35A-F04D8C42A25C}"
EndProject
Project("{FAE04EC0-301F-11D3-BF4B-00C04F79EFBC}") = "ThreeAmigos.Integrations.UnderCutters.Tests", "ThreeAmigos.Integrations.UnderCutters.Tests\ThreeAmigos.Integrations.UnderCutters.Tests.csproj", "{D562FCE1-4668-4987-9A08-97B2EFE21E04}"
EndProject
Global
	GlobalSection(SolutionConfigurationPlatforms) = preSolution
		Debug|Any CPU = Debug|Any CPU
		Debug|ARM = Debug|ARM
		Debug|x64 = Debug|x64
		Debug|x86 = Debug|x86
		Release|Any CPU = Release|Any CPU
		Release|ARM = Release|ARM
		Release|x64 = Release|x64
		Release|x86 = Release|x86
	EndGlobalSection
	GlobalSection(ProjectConfigurationPlatforms) = postSolution
		{CD6B8EAC-AF9B-4F84-8F2D-827CFD57DF91}.Debug|Any CPU.ActiveCfg = Debug|Any CPU
		{CD6B8EAC-AF9B-4F84-8F2D-827CFD57DF91}.Debug|Any CPU.Build.0 = Debug|Any CPU
		{CD6B8EAC-AF9B-4F84-8F2D-827CFD57DF91}.Debug|ARM.ActiveCfg = Debug|Any CPU
		{CD6B8EAC-AF9B-4F84-8F2D-827CFD57DF91}.Debug|ARM.Build.0 = Debug|Any CPU
		{CD6B8EAC-AF9B-4F84-8F2D-827CFD57DF91}.Debug|x64.ActiveCfg = Debug|Any CPU
		{CD6B8EAC-AF9B-4F84-8F2D-827CFD57DF91}.Debug|x64.Build.0 = Debug|Any CPU
		{CD6B8EAC-AF9B-4F84-8F2D-827CFD57DF91}.Debug|x86.ActiveCfg = Debug|Any CPU
		{CD6B8EAC-AF9B-4F84-8F2D-827CFD57DF91}.Debug|x86.Build.0 = Debug|Any CPU
		{CD6B8EAC-AF9B-4F84-8F2D-827CFD57DF91}.Release|Any CPU.ActiveCfg = Release|Any CPU
		{CD6B8EAC-AF9B-4F84-8F2D-827CFD57DF91}.Release|Any CPU.Build.0 = Release|Any CPU
		{CD6B8EAC-AF9B-4F84-8F2D-827CFD57DF91}.Release|ARM.ActiveCfg = Release|Any CPU
		{CD6B8EAC-AF9B-4F84-8F2D-827CFD57DF91}.Release|ARM.Build.0 = Release|Any CPU
		{CD6B8EAC-AF9B-4F84-8F2D-827CFD57DF91}.Release|x64.ActiveCfg = Release|Any CPU
		{CD6B8EAC-AF9B-4F84-8F2D-827CFD57DF91}.Release|x64.Build.0 = Release|Any CPU
		{CD6B8EAC-AF9B-4F84-8F2D-827CFD57DF91}.Release|x86.ActiveCfg = Release|Any CPU
		{CD6B8EAC-AF9B-4F84-8F2D-827CFD57DF91}.Release|x86.Build.0 = Release|Any CPU
		{1BFC6779-C630-4A85-8ECE-28ACE6DF8BE4}.Debug|Any CPU.ActiveCfg = Debug|Any CPU
		{1BFC6779-C630-4A85-8ECE-28ACE6DF8BE4}.Debug|Any CPU.Build.0 = Debug|Any CPU
		{1BFC6779-C630-4A85-8ECE-28ACE6DF8BE4}.Debug|ARM.ActiveCfg = Debug|Any CPU
		{1BFC6779-C630-4A85-8ECE-28ACE6DF8BE4}.Debug|ARM.Build.0 = Debug|Any CPU
		{1BFC6779-C630-4A85-8ECE-28ACE6DF8BE4}.Debug|x64.ActiveCfg = Debug|Any CPU
		{1BFC6779-C630-4A85-8ECE-28ACE6DF8BE4}.Debug|x64.Build.0 = Debug|Any CPU
		{1BFC6779-C630-4A85-8ECE-28ACE6DF8BE4}.Debug|x86.ActiveCfg = Debug|Any CPU
		{1BFC6779-C630-4A85-8ECE-28ACE6DF8BE4}.Debug|x86.Build.0 = Debug|Any CPU
		{1BFC6779-C630-4A85-8ECE-28ACE6DF8BE4}.Release|Any CPU.ActiveCfg = Release|Any CPU
		{1BFC6779-C630-4A85-8ECE-28ACE6DF8BE4}.Release|Any CPU.Build.0 = Release|Any CPU
		{1BFC6779-C630-4A85-8ECE-28ACE6DF8BE4}.Release|ARM.ActiveCfg = Release|Any CPU
		{1BFC6779-C630-4A85-8ECE-28ACE6DF8BE4}.Release|ARM.Build.0 = Release|Any CPU
		{1BFC6779-C630-4A85-8ECE-28ACE6DF8BE4}.Release|x64.ActiveCfg = Release|Any CPU
		{1BFC6779-C630-4A85-8ECE-28ACE6DF8BE4}.Release|x64.Build.0 = Release|Any CPU
		{1BFC6779-C630-4A85-8ECE-28ACE6DF8BE4}.Release|x86.ActiveCfg = Release|Any CPU
		{1BFC6779-C630-4A85-8ECE-28ACE6DF8BE4}.Release|x86.Build.0 = Release|Any CPU
		{8D0246E8-06C4-450E-AAE7-336E2B5F0613}.Debug|Any CPU.ActiveCfg = Debug|Any CPU
		{8D0246E8-06C4-450E-AAE7-336E2B5F0613}.Debug|Any CPU.Build.0 = Debug|Any CPU
		{8D0246E8-06C4-450E-AAE7-336E2B5F0613}.Debug|ARM.ActiveCfg = Debug|Any CPU
		{8D0246E8-06C4-450E-AAE7-336E2B5F0613}.Debug|ARM.Build.0 = Debug|Any CPU
		{8D0246E8-06C4-450E-AAE7-336E2B5F0613}.Debug|x64.ActiveCfg = Debug|Any CPU
		{8D0246E8-06C4-450E-AAE7-336E2B5F0613}.Debug|x64.Build.0 = Debug|Any CPU
		{8D0246E8-06C4-450E-AAE7-336E2B5F0613}.Debug|x86.ActiveCfg = Debug|Any CPU
		{8D0246E8-06C4-450E-AAE7-336E2B5F0613}.Debug|x86.Build.0 = Debug|Any CPU
		{8D0246E8-06C4-450E-AAE7-336E2B5F0613}.Release|Any CPU.ActiveCfg = Release|Any CPU
		{8D0246E8-06C4-450E-AAE7-336E2B5F0613}.Release|Any CPU.Build.0 = Release|Any CPU
		{8D0246E8-06C4-450E-AAE7-336E2B5F0613}.Release|ARM.ActiveCfg = Release|Any CPU
		{8D0246E8-06C4-450E-AAE7-336E2B5F0613}.Release|ARM.Build.0 = Release|Any CPU
		{8D0246E8-06C4-450E-AAE7-336E2B5F0613}.Release|x64.ActiveCfg = Release|Any CPU
		{8D0246E8-06C4-450E-AAE7-336E2B5F0613}.Release|x64.Build.0 = Release|Any CPU
		{8D0246E8-06C4-450E-AAE7-336E2B5F0613}.Release|x86.ActiveCfg = Release|Any CPU
		{8D0246E8-06C4-450E-AAE7-336E2B5F0613}.Release|x86.Build.0 = Release|Any CPU
		{3FE39592-D8BE-4DDE-B344-588BCBC9307B}.Debug|Any CPU.ActiveCfg = Debug|Any CPU
		{3FE39592-D8BE-4DDE-B344-588BCBC9307B}.Debug|Any CPU.Build.0 = Debug|Any CPU
		{3FE39592-D8BE-4DDE-B344-588BCBC9307B}.Debug|ARM.ActiveCfg = Debug|Any CPU
		{3FE39592-D8BE-4DDE-B344-588BCBC9307B}.Debug|ARM.Build.0 = Debug|Any CPU
		{3FE39592-D8BE-4DDE-B344-588BCBC9307B}.Debug|x64.ActiveCfg = Debug|Any CPU
		{3FE39592-D8BE-4DDE-B344-588BCBC9307B}.Debug|x64.Build.0 = Debug|Any CPU
		{3FE39592-D8BE-4DDE-B344-588BCBC9307B}.Debug|x86.ActiveCfg = Debug|Any CPU
		{3FE39592-D8BE-4DDE-B344-588BCBC9307B}.Debug|x86.Build.0 = Debug|Any CPU
		{3FE39592-D8BE-4DDE-B344-588BCBC9307B}.Release|Any CPU.ActiveCfg = Release|Any CPU
		{3FE39592-D8BE-4DDE-B344-588BCBC9307B}.Release|Any CPU.Build.0 = Release|Any CPU
		{3FE39592-D8BE-4DDE-B344-588BCBC9307B}.Release|ARM.ActiveCfg = Release|Any CPU
		{3FE39592-D8BE-4DDE-B344-588BCBC9307B}.Release|ARM.Build.0 = Release|Any CPU
		{3FE39592-D8BE-4DDE-B344-588BCBC9307B}.Release|x64.ActiveCfg = Release|Any CPU
		{3FE39592-D8BE-4DDE-B344-588BCBC9307B}.Release|x64.Build.0 = Release|Any CPU
		{3FE39592-D8BE-4DDE-B344-588BCBC9307B}.Release|x86.ActiveCfg = Release|Any CPU
		{3FE39592-D8BE-4DDE-B344-588BCBC9307B}.Release|x86.Build.0 = Release|Any CPU
		{CD960660-E3D4-4CB8-BFF3-98267DFE690D}.Debug|Any CPU.ActiveCfg = Debug|Any CPU
		{CD960660-E3D4-4CB8-BFF3-98267DFE690D}.Debug|Any CPU.Build.0 = Debug|Any CPU
		{CD960660-E3D4-4CB8-BFF3-98267DFE690D}.Debug|ARM.ActiveCfg = Debug|Any CPU
		{CD960660-E3D4-4CB8-BFF3-98267DFE690D}.Debug|ARM.Build.0 = Debug|Any CPU
		{CD960660-E3D4-4CB8-BFF3-98267DFE690D}.Debug|x64.ActiveCfg = Debug|Any CPU
		{CD960660-E3D4-4CB8-BFF3-98267DFE690D}.Debug|x64.Build.0 = Debug|Any CPU
		{CD960660-E3D4-4CB8-BFF3-98267DFE690D}.Debug|x86.ActiveCfg = Debug|Any CPU
		{CD960660-E3D4-4CB8-BFF3-98267DFE690D}.Debug|x86.Build.0 = Debug|Any CPU
		{CD960660-E3D4-4CB8-BFF3-98267DFE690D}.Release|Any CPU.ActiveCfg = Release|Any CPU
		{CD960660-E3D4-4CB8-BFF3-98267DFE690D}.Release|Any CPU.Build.0 = Release|Any CPU
		{CD960660-E3D4-4CB8-BFF3-98267DFE690D}.Release|ARM.ActiveCfg = Release|Any CPU
		{CD960660-E3D4-4CB8-BFF3-98267DFE690D}.Release|ARM.Build.0 = Release|Any CPU
		{CD960660-E3D4-4CB8-BFF3-98267DFE690D}.Release|x64.ActiveCfg = Release|Any CPU
		{CD960660-E3D4-4CB8-BFF3-98267DFE690D}.Release|x64.Build.0 = Release|Any CPU
		{CD960660-E3D4-4CB8-BFF3-98267DFE690D}.Release|x86.ActiveCfg = Release|Any CPU
		{CD960660-E3D4-4CB8-BFF3-98267DFE690D}.Release|x86.Build.0 = Release|Any CPU
		{62A9127D-FD7A-449D-8016-14721C3C7037}.Debug|Any CPU.ActiveCfg = Debug|Any CPU
		{62A9127D-FD7A-449D-8016-14721C3C7037}.Debug|Any CPU.Build.0 = Debug|Any CPU
		{62A9127D-FD7A-449D-8016-14721C3C7037}.Debug|ARM.ActiveCfg = Debug|Any CPU
		{62A9127D-FD7A-449D-8016-14721C3C7037}.Debug|ARM.Build.0 = Debug|Any CPU
		{62A9127D-FD7A-449D-8016-14721C3C7037}.Debug|x64.ActiveCfg = Debug|Any CPU
		{62A9127D-FD7A-449D-8016-14721C3C7037}.Debug|x64.Build.0 = Debug|Any CPU
		{62A9127D-FD7A-449D-8016-14721C3C7037}.Debug|x86.ActiveCfg = Debug|Any CPU
		{62A9127D-FD7A-449D-8016-14721C3C7037}.Debug|x86.Build.0 = Debug|Any CPU
		{62A9127D-FD7A-449D-8016-14721C3C7037}.Release|Any CPU.ActiveCfg = Release|Any CPU
		{62A9127D-FD7A-449D-8016-14721C3C7037}.Release|Any CPU.Build.0 = Release|Any CPU
		{62A9127D-FD7A-449D-8016-14721C3C7037}.Release|ARM.ActiveCfg = Release|Any CPU
		{62A9127D-FD7A-449D-8016-14721C3C7037}.Release|ARM.Build.0 = Release|Any CPU
		{62A9127D-FD7A-449D-8016-14721C3C7037}.Release|x64.ActiveCfg = Release|Any CPU
		{62A9127D-FD7A-449D-8016-14721C3C7037}.Release|x64.Build.0 = Release|Any CPU
		{62A9127D-FD7A-449D-8016-14721C3C7037}.Release|x86.ActiveCfg = Release|Any CPU
		{62A9127D-FD7A-449D-8016-14721C3C7037}.Release|x86.Build.0 = Release|Any CPU
		{54104658-C5DD-474F-99BA-F9EC54028120}.Debug|Any CPU.ActiveCfg = Debug|Any CPU
		{54104658-C5DD-474F-99BA-F9EC54028120}.Debug|Any CPU.Build.0 = Debug|Any CPU
		{54104658-C5DD-474F-99BA-F9EC54028120}.Debug|ARM.ActiveCfg = Debug|Any CPU
		{54104658-C5DD-474F-99BA-F9EC54028120}.Debug|ARM.Build.0 = Debug|Any CPU
		{54104658-C5DD-474F-99BA-F9EC54028120}.Debug|x64.ActiveCfg = Debug|Any CPU
		{54104658-C5DD-474F-99BA-F9EC54028120}.Debug|x64.Build.0 = Debug|Any CPU
		{54104658-C5DD-474F-99BA-F9EC54028120}.Debug|x86.ActiveCfg = Debug|Any CPU
		{54104658-C5DD-474F-99BA-F9EC54028120}.Debug|x86.Build.0 = Debug|Any CPU
		{54104658-C5DD-474F-99BA-F9EC54028120}.Release|Any CPU.ActiveCfg = Release|Any CPU
		{54104658-C5DD-474F-99BA-F9EC54028120}.Release|Any CPU.Build.0 = Release|Any CPU
		{54104658-C5DD-474F-99BA-F9EC54028120}.Release|ARM.ActiveCfg = Release|Any CPU
		{54104658-C5DD-474F-99BA-F9EC54028120}.Release|ARM.Build.0 = Release|Any CPU
		{54104658-C5DD-474F-99BA-F9EC54028120}.Release|x64.ActiveCfg = Release|Any CPU
		{54104658-C5DD-474F-99BA-F9EC54028120}.Release|x64.Build.0 = Release|Any CPU
		{54104658-C5DD-474F-99BA-F9EC54028120}.Release|x86.ActiveCfg = Release|Any CPU
		{54104658-C5DD-474F-99BA-F9EC54028120}.Release|x86.Build.0 = Release|Any CPU
		{2959BA3E-5FB2-4862-8E99-652551F35CE4}.Debug|Any CPU.ActiveCfg = Debug|Any CPU
		{2959BA3E-5FB2-4862-8E99-652551F35CE4}.Debug|Any CPU.Build.0 = Debug|Any CPU
		{2959BA3E-5FB2-4862-8E99-652551F35CE4}.Debug|ARM.ActiveCfg = Debug|Any CPU
		{2959BA3E-5FB2-4862-8E99-652551F35CE4}.Debug|ARM.Build.0 = Debug|Any CPU
		{2959BA3E-5FB2-4862-8E99-652551F35CE4}.Debug|x64.ActiveCfg = Debug|Any CPU
		{2959BA3E-5FB2-4862-8E99-652551F35CE4}.Debug|x64.Build.0 = Debug|Any CPU
		{2959BA3E-5FB2-4862-8E99-652551F35CE4}.Debug|x86.ActiveCfg = Debug|Any CPU
		{2959BA3E-5FB2-4862-8E99-652551F35CE4}.Debug|x86.Build.0 = Debug|Any CPU
		{2959BA3E-5FB2-4862-8E99-652551F35CE4}.Release|Any CPU.ActiveCfg = Release|Any CPU
		{2959BA3E-5FB2-4862-8E99-652551F35CE4}.Release|Any CPU.Build.0 = Release|Any CPU
		{2959BA3E-5FB2-4862-8E99-652551F35CE4}.Release|ARM.ActiveCfg = Release|Any CPU
		{2959BA3E-5FB2-4862-8E99-652551F35CE4}.Release|ARM.Build.0 = Release|Any CPU
		{2959BA3E-5FB2-4862-8E99-652551F35CE4}.Release|x64.ActiveCfg = Release|Any CPU
		{2959BA3E-5FB2-4862-8E99-652551F35CE4}.Release|x64.Build.0 = Release|Any CPU
		{2959BA3E-5FB2-4862-8E99-652551F35CE4}.Release|x86.ActiveCfg = Release|Any CPU
		{2959BA3E-5FB2-4862-8E99-652551F35CE4}.Release|x86.Build.0 = Release|Any CPU
		{E69804FD-C73F-49B1-84ED-7FD8B21E4712}.Debug|Any CPU.ActiveCfg = Debug|Any CPU
		{E69804FD-C73F-49B1-84ED-7FD8B21E4712}.Debug|Any CPU.Build.0 = Debug|Any CPU
		{E69804FD-C73F-49B1-84ED-7FD8B21E4712}.Debug|ARM.ActiveCfg = Debug|Any CPU
		{E69804FD-C73F-49B1-84ED-7FD8B21E4712}.Debug|ARM.Build.0 = Debug|Any CPU
		{E69804FD-C73F-49B1-84ED-7FD8B21E4712}.Debug|x64.ActiveCfg = Debug|Any CPU
		{E69804FD-C73F-49B1-84ED-7FD8B21E4712}.Debug|x64.Build.0 = Debug|Any CPU
		{E69804FD-C73F-49B1-84ED-7FD8B21E4712}.Debug|x86.ActiveCfg = Debug|Any CPU
		{E69804FD-C73F-49B1-84ED-7FD8B21E4712}.Debug|x86.Build.0 = Debug|Any CPU
		{E69804FD-C73F-49B1-84ED-7FD8B21E4712}.Release|Any CPU.ActiveCfg = Release|Any CPU
		{E69804FD-C73F-49B1-84ED-7FD8B21E4712}.Release|Any CPU.Build.0 = Release|Any CPU
		{E69804FD-C73F-49B1-84ED-7FD8B21E4712}.Release|ARM.ActiveCfg = Release|Any CPU
		{E69804FD-C73F-49B1-84ED-7FD8B21E4712}.Release|ARM.Build.0 = Release|Any CPU
		{E69804FD-C73F-49B1-84ED-7FD8B21E4712}.Release|x64.ActiveCfg = Release|Any CPU
		{E69804FD-C73F-49B1-84ED-7FD8B21E4712}.Release|x64.Build.0 = Release|Any CPU
		{E69804FD-C73F-49B1-84ED-7FD8B21E4712}.Release|x86.ActiveCfg = Release|Any CPU
		{E69804FD-C73F-49B1-84ED-7FD8B21E4712}.Release|x86.Build.0 = Release|Any CPU
		{63794A2A-9265-4A4C-810E-C4C2EE7723C1}.Debug|Any CPU.ActiveCfg = Debug|Any CPU
		{63794A2A-9265-4A4C-810E-C4C2EE7723C1}.Debug|Any CPU.Build.0 = Debug|Any CPU
		{63794A2A-9265-4A4C-810E-C4C2EE7723C1}.Debug|ARM.ActiveCfg = Debug|Any CPU
		{63794A2A-9265-4A4C-810E-C4C2EE7723C1}.Debug|ARM.Build.0 = Debug|Any CPU
		{63794A2A-9265-4A4C-810E-C4C2EE7723C1}.Debug|x64.ActiveCfg = Debug|Any CPU
		{63794A2A-9265-4A4C-810E-C4C2EE7723C1}.Debug|x64.Build.0 = Debug|Any CPU
		{63794A2A-9265-4A4C-810E-C4C2EE7723C1}.Debug|x86.ActiveCfg = Debug|Any CPU
		{63794A2A-9265-4A4C-810E-C4C2EE7723C1}.Debug|x86.Build.0 = Debug|Any CPU
		{63794A2A-9265-4A4C-810E-C4C2EE7723C1}.Release|Any CPU.ActiveCfg = Release|Any CPU
		{63794A2A-9265-4A4C-810E-C4C2EE7723C1}.Release|Any CPU.Build.0 = Release|Any CPU
		{63794A2A-9265-4A4C-810E-C4C2EE7723C1}.Release|ARM.ActiveCfg = Release|Any CPU
		{63794A2A-9265-4A4C-810E-C4C2EE7723C1}.Release|ARM.Build.0 = Release|Any CPU
		{63794A2A-9265-4A4C-810E-C4C2EE7723C1}.Release|x64.ActiveCfg = Release|Any CPU
		{63794A2A-9265-4A4C-810E-C4C2EE7723C1}.Release|x64.Build.0 = Release|Any CPU
		{63794A2A-9265-4A4C-810E-C4C2EE7723C1}.Release|x86.ActiveCfg = Release|Any CPU
		{63794A2A-9265-4A4C-810E-C4C2EE7723C1}.Release|x86.Build.0 = Release|Any CPU
		{FD680D52-4E43-4DFB-9949-BADDB74B1BBE}.Debug|Any CPU.ActiveCfg = Debug|Any CPU
		{FD680D52-4E43-4DFB-9949-BADDB74B1BBE}.Debug|Any CPU.Build.0 = Debug|Any CPU
		{FD680D52-4E43-4DFB-9949-BADDB74B1BBE}.Debug|ARM.ActiveCfg = Debug|Any CPU
		{FD680D52-4E43-4DFB-9949-BADDB74B1BBE}.Debug|ARM.Build.0 = Debug|Any CPU
		{FD680D52-4E43-4DFB-9949-BADDB74B1BBE}.Debug|x64.ActiveCfg = Debug|Any CPU
		{FD680D52-4E43-4DFB-9949-BADDB74B1BBE}.Debug|x64.Build.0 = Debug|Any CPU
		{FD680D52-4E43-4DFB-9949-BADDB74B1BBE}.Debug|x86.ActiveCfg = Debug|Any CPU
		{FD680D52-4E43-4DFB-9949-BADDB74B1BBE}.Debug|x86.Build.0 = Debug|Any CPU
		{FD680D52-4E43-4DFB-9949-BADDB74B1BBE}.Release|Any CPU.ActiveCfg = Release|Any CPU
		{FD680D52-4E43-4DFB-9949-BADDB74B1BBE}.Release|Any CPU.Build.0 = Release|Any CPU
		{FD680D52-4E43-4DFB-9949-BADDB74B1BBE}.Release|ARM.ActiveCfg = Release|Any CPU
		{FD680D52-4E43-4DFB-9949-BADDB74B1BBE}.Release|ARM.Build.0 = Release|Any CPU
		{FD680D52-4E43-4DFB-9949-BADDB74B1BBE}.Release|x64.ActiveCfg = Release|Any CPU
		{FD680D52-4E43-4DFB-9949-BADDB74B1BBE}.Release|x64.Build.0 = Release|Any CPU
		{FD680D52-4E43-4DFB-9949-BADDB74B1BBE}.Release|x86.ActiveCfg = Release|Any CPU
		{FD680D52-4E43-4DFB-9949-BADDB74B1BBE}.Release|x86.Build.0 = Release|Any CPU
		{7304BCDD-40C6-4CED-801D-69B15CC3FDE0}.Debug|Any CPU.ActiveCfg = Debug|Any CPU
		{7304BCDD-40C6-4CED-801D-69B15CC3FDE0}.Debug|Any CPU.Build.0 = Debug|Any CPU
		{7304BCDD-40C6-4CED-801D-69B15CC3FDE0}.Debug|ARM.ActiveCfg = Debug|Any CPU
		{7304BCDD-40C6-4CED-801D-69B15CC3FDE0}.Debug|ARM.Build.0 = Debug|Any CPU
		{7304BCDD-40C6-4CED-801D-69B15CC3FDE0}.Debug|x64.ActiveCfg = Debug|Any CPU
		{7304BCDD-40C6-4CED-801D-69B15CC3FDE0}.Debug|x64.Build.0 = Debug|Any CPU
		{7304BCDD-40C6-4CED-801D-69B15CC3FDE0}.Debug|x86.ActiveCfg = Debug|Any CPU
		{7304BCDD-40C6-4CED-801D-69B15CC3FDE0}.Debug|x86.Build.0 = Debug|Any CPU
		{7304BCDD-40C6-4CED-801D-69B15CC3FDE0}.Release|Any CPU.ActiveCfg = Release|Any CPU
		{7304BCDD-40C6-4CED-801D-69B15CC3FDE0}.Release|Any CPU.Build.0 = Release|Any CPU
		{7304BCDD-40C6-4CED-801D-69B15CC3FDE0}.Release|ARM.ActiveCfg = Release|Any CPU
		{7304BCDD-40C6-4CED-801D-69B15CC3FDE0}.Release|ARM.Build.0 = Release|Any CPU
		{7304BCDD-40C6-4CED-801D-69B15CC3FDE0}.Release|x64.ActiveCfg = Release|Any CPU
		{7304BCDD-40C6-4CED-801D-69B15CC3FDE0}.Release|x64.Build.0 = Release|Any CPU
		{7304BCDD-40C6-4CED-801D-69B15CC3FDE0}.Release|x86.ActiveCfg = Release|Any CPU
		{7304BCDD-40C6-4CED-801D-69B15CC3FDE0}.Release|x86.Build.0 = Release|Any CPU
		{F7BBDDA5-1D08-42DF-9948-C629117E3BFF}.Debug|Any CPU.ActiveCfg = Debug|Any CPU
		{F7BBDDA5-1D08-42DF-9948-C629117E3BFF}.Debug|Any CPU.Build.0 = Debug|Any CPU
		{F7BBDDA5-1D08-42DF-9948-C629117E3BFF}.Debug|ARM.ActiveCfg = Debug|Any CPU
		{F7BBDDA5-1D08-42DF-9948-C629117E3BFF}.Debug|ARM.Build.0 = Debug|Any CPU
		{F7BBDDA5-1D08-42DF-9948-C629117E3BFF}.Debug|x64.ActiveCfg = Debug|Any CPU
		{F7BBDDA5-1D08-42DF-9948-C629117E3BFF}.Debug|x64.Build.0 = Debug|Any CPU
		{F7BBDDA5-1D08-42DF-9948-C629117E3BFF}.Debug|x86.ActiveCfg = Debug|Any CPU
		{F7BBDDA5-1D08-42DF-9948-C629117E3BFF}.Debug|x86.Build.0 = Debug|Any CPU
		{F7BBDDA5-1D08-42DF-9948-C629117E3BFF}.Release|Any CPU.ActiveCfg = Release|Any CPU
		{F7BBDDA5-1D08-42DF-9948-C629117E3BFF}.Release|Any CPU.Build.0 = Release|Any CPU
		{F7BBDDA5-1D08-42DF-9948-C629117E3BFF}.Release|ARM.ActiveCfg = Release|Any CPU
		{F7BBDDA5-1D08-42DF-9948-C629117E3BFF}.Release|ARM.Build.0 = Release|Any CPU
		{F7BBDDA5-1D08-42DF-9948-C629117E3BFF}.Release|x64.ActiveCfg = Release|Any CPU
		{F7BBDDA5-1D08-42DF-9948-C629117E3BFF}.Release|x64.Build.0 = Release|Any CPU
		{F7BBDDA5-1D08-42DF-9948-C629117E3BFF}.Release|x86.ActiveCfg = Release|Any CPU
		{F7BBDDA5-1D08-42DF-9948-C629117E3BFF}.Release|x86.Build.0 = Release|Any CPU
		{3E62A434-EADF-4C81-8D47-F1AE1F9C10DB}.Debug|Any CPU.ActiveCfg = Debug|Any CPU
		{3E62A434-EADF-4C81-8D47-F1AE1F9C10DB}.Debug|Any CPU.Build.0 = Debug|Any CPU
		{3E62A434-EADF-4C81-8D47-F1AE1F9C10DB}.Debug|ARM.ActiveCfg = Debug|Any CPU
		{3E62A434-EADF-4C81-8D47-F1AE1F9C10DB}.Debug|ARM.Build.0 = Debug|Any CPU
		{3E62A434-EADF-4C81-8D47-F1AE1F9C10DB}.Debug|x64.ActiveCfg = Debug|Any CPU
		{3E62A434-EADF-4C81-8D47-F1AE1F9C10DB}.Debug|x64.Build.0 = Debug|Any CPU
		{3E62A434-EADF-4C81-8D47-F1AE1F9C10DB}.Debug|x86.ActiveCfg = Debug|Any CPU
		{3E62A434-EADF-4C81-8D47-F1AE1F9C10DB}.Debug|x86.Build.0 = Debug|Any CPU
		{3E62A434-EADF-4C81-8D47-F1AE1F9C10DB}.Release|Any CPU.ActiveCfg = Release|Any CPU
		{3E62A434-EADF-4C81-8D47-F1AE1F9C10DB}.Release|Any CPU.Build.0 = Release|Any CPU
		{3E62A434-EADF-4C81-8D47-F1AE1F9C10DB}.Release|ARM.ActiveCfg = Release|Any CPU
		{3E62A434-EADF-4C81-8D47-F1AE1F9C10DB}.Release|ARM.Build.0 = Release|Any CPU
		{3E62A434-EADF-4C81-8D47-F1AE1F9C10DB}.Release|x64.ActiveCfg = Release|Any CPU
		{3E62A434-EADF-4C81-8D47-F1AE1F9C10DB}.Release|x64.Build.0 = Release|Any CPU
		{3E62A434-EADF-4C81-8D47-F1AE1F9C10DB}.Release|x86.ActiveCfg = Release|Any CPU
		{3E62A434-EADF-4C81-8D47-F1AE1F9C10DB}.Release|x86.Build.0 = Release|Any CPU
		{8B4058AB-78A2-48AE-9CAD-8D3108606511}.Debug|Any CPU.ActiveCfg = Debug|Any CPU
		{8B4058AB-78A2-48AE-9CAD-8D3108606511}.Debug|Any CPU.Build.0 = Debug|Any CPU
		{8B4058AB-78A2-48AE-9CAD-8D3108606511}.Debug|ARM.ActiveCfg = Debug|Any CPU
		{8B4058AB-78A2-48AE-9CAD-8D3108606511}.Debug|ARM.Build.0 = Debug|Any CPU
		{8B4058AB-78A2-48AE-9CAD-8D3108606511}.Debug|x64.ActiveCfg = Debug|Any CPU
		{8B4058AB-78A2-48AE-9CAD-8D3108606511}.Debug|x64.Build.0 = Debug|Any CPU
		{8B4058AB-78A2-48AE-9CAD-8D3108606511}.Debug|x86.ActiveCfg = Debug|Any CPU
		{8B4058AB-78A2-48AE-9CAD-8D3108606511}.Debug|x86.Build.0 = Debug|Any CPU
		{8B4058AB-78A2-48AE-9CAD-8D3108606511}.Release|Any CPU.ActiveCfg = Release|Any CPU
		{8B4058AB-78A2-48AE-9CAD-8D3108606511}.Release|Any CPU.Build.0 = Release|Any CPU
		{8B4058AB-78A2-48AE-9CAD-8D3108606511}.Release|ARM.ActiveCfg = Release|Any CPU
		{8B4058AB-78A2-48AE-9CAD-8D3108606511}.Release|ARM.Build.0 = Release|Any CPU
		{8B4058AB-78A2-48AE-9CAD-8D3108606511}.Release|x64.ActiveCfg = Release|Any CPU
		{8B4058AB-78A2-48AE-9CAD-8D3108606511}.Release|x64.Build.0 = Release|Any CPU
		{8B4058AB-78A2-48AE-9CAD-8D3108606511}.Release|x86.ActiveCfg = Release|Any CPU
		{8B4058AB-78A2-48AE-9CAD-8D3108606511}.Release|x86.Build.0 = Release|Any CPU
		{6F8A3264-C9AF-4AC7-AF38-D9586635CC9B}.Debug|Any CPU.ActiveCfg = Debug|Any CPU
		{6F8A3264-C9AF-4AC7-AF38-D9586635CC9B}.Debug|Any CPU.Build.0 = Debug|Any CPU
		{6F8A3264-C9AF-4AC7-AF38-D9586635CC9B}.Debug|ARM.ActiveCfg = Debug|Any CPU
		{6F8A3264-C9AF-4AC7-AF38-D9586635CC9B}.Debug|ARM.Build.0 = Debug|Any CPU
		{6F8A3264-C9AF-4AC7-AF38-D9586635CC9B}.Debug|x64.ActiveCfg = Debug|Any CPU
		{6F8A3264-C9AF-4AC7-AF38-D9586635CC9B}.Debug|x64.Build.0 = Debug|Any CPU
		{6F8A3264-C9AF-4AC7-AF38-D9586635CC9B}.Debug|x86.ActiveCfg = Debug|Any CPU
		{6F8A3264-C9AF-4AC7-AF38-D9586635CC9B}.Debug|x86.Build.0 = Debug|Any CPU
		{6F8A3264-C9AF-4AC7-AF38-D9586635CC9B}.Release|Any CPU.ActiveCfg = Release|Any CPU
		{6F8A3264-C9AF-4AC7-AF38-D9586635CC9B}.Release|Any CPU.Build.0 = Release|Any CPU
		{6F8A3264-C9AF-4AC7-AF38-D9586635CC9B}.Release|ARM.ActiveCfg = Release|Any CPU
		{6F8A3264-C9AF-4AC7-AF38-D9586635CC9B}.Release|ARM.Build.0 = Release|Any CPU
		{6F8A3264-C9AF-4AC7-AF38-D9586635CC9B}.Release|x64.ActiveCfg = Release|Any CPU
		{6F8A3264-C9AF-4AC7-AF38-D9586635CC9B}.Release|x64.Build.0 = Release|Any CPU
		{6F8A3264-C9AF-4AC7-AF38-D9586635CC9B}.Release|x86.ActiveCfg = Release|Any CPU
		{6F8A3264-C9AF-4AC7-AF38-D9586635CC9B}.Release|x86.Build.0 = Release|Any CPU
		{B2090424-86D2-4F1D-9736-A1F4D5C5B71F}.Debug|Any CPU.ActiveCfg = Debug|Any CPU
		{B2090424-86D2-4F1D-9736-A1F4D5C5B71F}.Debug|Any CPU.Build.0 = Debug|Any CPU
		{B2090424-86D2-4F1D-9736-A1F4D5C5B71F}.Debug|ARM.ActiveCfg = Debug|Any CPU
		{B2090424-86D2-4F1D-9736-A1F4D5C5B71F}.Debug|ARM.Build.0 = Debug|Any CPU
		{B2090424-86D2-4F1D-9736-A1F4D5C5B71F}.Debug|x64.ActiveCfg = Debug|Any CPU
		{B2090424-86D2-4F1D-9736-A1F4D5C5B71F}.Debug|x64.Build.0 = Debug|Any CPU
		{B2090424-86D2-4F1D-9736-A1F4D5C5B71F}.Debug|x86.ActiveCfg = Debug|Any CPU
		{B2090424-86D2-4F1D-9736-A1F4D5C5B71F}.Debug|x86.Build.0 = Debug|Any CPU
		{B2090424-86D2-4F1D-9736-A1F4D5C5B71F}.Release|Any CPU.ActiveCfg = Release|Any CPU
		{B2090424-86D2-4F1D-9736-A1F4D5C5B71F}.Release|Any CPU.Build.0 = Release|Any CPU
		{B2090424-86D2-4F1D-9736-A1F4D5C5B71F}.Release|ARM.ActiveCfg = Release|Any CPU
		{B2090424-86D2-4F1D-9736-A1F4D5C5B71F}.Release|ARM.Build.0 = Release|Any CPU
		{B2090424-86D2-4F1D-9736-A1F4D5C5B71F}.Release|x64.ActiveCfg = Release|Any CPU
		{B2090424-86D2-4F1D-9736-A1F4D5C5B71F}.Release|x64.Build.0 = Release|Any CPU
		{B2090424-86D2-4F1D-9736-A1F4D5C5B71F}.Release|x86.ActiveCfg = Release|Any CPU
		{B2090424-86D2-4F1D-9736-A1F4D5C5B71F}.Release|x86.Build.0 = Release|Any CPU
		{A1E3D9AE-048F-473A-9EBF-A767F7499B5F}.Debug|Any CPU.ActiveCfg = Debug|Any CPU
		{A1E3D9AE-048F-473A-9EBF-A767F7499B5F}.Debug|Any CPU.Build.0 = Debug|Any CPU
		{A1E3D9AE-048F-473A-9EBF-A767F7499B5F}.Debug|ARM.ActiveCfg = Debug|Any CPU
		{A1E3D9AE-048F-473A-9EBF-A767F7499B5F}.Debug|ARM.Build.0 = Debug|Any CPU
		{A1E3D9AE-048F-473A-9EBF-A767F7499B5F}.Debug|x64.ActiveCfg = Debug|Any CPU
		{A1E3D9AE-048F-473A-9EBF-A767F7499B5F}.Debug|x64.Build.0 = Debug|Any CPU
		{A1E3D9AE-048F-473A-9EBF-A767F7499B5F}.Debug|x86.ActiveCfg = Debug|Any CPU
		{A1E3D9AE-048F-473A-9EBF-A767F7499B5F}.Debug|x86.Build.0 = Debug|Any CPU
		{A1E3D9AE-048F-473A-9EBF-A767F7499B5F}.Release|Any CPU.ActiveCfg = Release|Any CPU
		{A1E3D9AE-048F-473A-9EBF-A767F7499B5F}.Release|Any CPU.Build.0 = Release|Any CPU
		{A1E3D9AE-048F-473A-9EBF-A767F7499B5F}.Release|ARM.ActiveCfg = Release|Any CPU
		{A1E3D9AE-048F-473A-9EBF-A767F7499B5F}.Release|ARM.Build.0 = Release|Any CPU
		{A1E3D9AE-048F-473A-9EBF-A767F7499B5F}.Release|x64.ActiveCfg = Release|Any CPU
		{A1E3D9AE-048F-473A-9EBF-A767F7499B5F}.Release|x64.Build.0 = Release|Any CPU
		{A1E3D9AE-048F-473A-9EBF-A767F7499B5F}.Release|x86.ActiveCfg = Release|Any CPU
		{A1E3D9AE-048F-473A-9EBF-A767F7499B5F}.Release|x86.Build.0 = Release|Any CPU
		{F3FC99FA-9D69-4147-A4C9-84C50E1DDD75}.Debug|Any CPU.ActiveCfg = Debug|Any CPU
		{F3FC99FA-9D69-4147-A4C9-84C50E1DDD75}.Debug|Any CPU.Build.0 = Debug|Any CPU
		{F3FC99FA-9D69-4147-A4C9-84C50E1DDD75}.Debug|ARM.ActiveCfg = Debug|Any CPU
		{F3FC99FA-9D69-4147-A4C9-84C50E1DDD75}.Debug|ARM.Build.0 = Debug|Any CPU
		{F3FC99FA-9D69-4147-A4C9-84C50E1DDD75}.Debug|x64.ActiveCfg = Debug|Any CPU
		{F3FC99FA-9D69-4147-A4C9-84C50E1DDD75}.Debug|x64.Build.0 = Debug|Any CPU
		{F3FC99FA-9D69-4147-A4C9-84C50E1DDD75}.Debug|x86.ActiveCfg = Debug|Any CPU
		{F3FC99FA-9D69-4147-A4C9-84C50E1DDD75}.Debug|x86.Build.0 = Debug|Any CPU
		{F3FC99FA-9D69-4147-A4C9-84C50E1DDD75}.Release|Any CPU.ActiveCfg = Release|Any CPU
		{F3FC99FA-9D69-4147-A4C9-84C50E1DDD75}.Release|Any CPU.Build.0 = Release|Any CPU
		{F3FC99FA-9D69-4147-A4C9-84C50E1DDD75}.Release|ARM.ActiveCfg = Release|Any CPU
		{F3FC99FA-9D69-4147-A4C9-84C50E1DDD75}.Release|ARM.Build.0 = Release|Any CPU
		{F3FC99FA-9D69-4147-A4C9-84C50E1DDD75}.Release|x64.ActiveCfg = Release|Any CPU
		{F3FC99FA-9D69-4147-A4C9-84C50E1DDD75}.Release|x64.Build.0 = Release|Any CPU
		{F3FC99FA-9D69-4147-A4C9-84C50E1DDD75}.Release|x86.ActiveCfg = Release|Any CPU
		{F3FC99FA-9D69-4147-A4C9-84C50E1DDD75}.Release|x86.Build.0 = Release|Any CPU
		{B6EA2FCF-C3A8-48ED-AAF6-08452EFBD457}.Debug|Any CPU.ActiveCfg = Debug|Any CPU
		{B6EA2FCF-C3A8-48ED-AAF6-08452EFBD457}.Debug|Any CPU.Build.0 = Debug|Any CPU
		{B6EA2FCF-C3A8-48ED-AAF6-08452EFBD457}.Debug|ARM.ActiveCfg = Debug|Any CPU
		{B6EA2FCF-C3A8-48ED-AAF6-08452EFBD457}.Debug|ARM.Build.0 = Debug|Any CPU
		{B6EA2FCF-C3A8-48ED-AAF6-08452EFBD457}.Debug|x64.ActiveCfg = Debug|Any CPU
		{B6EA2FCF-C3A8-48ED-AAF6-08452EFBD457}.Debug|x64.Build.0 = Debug|Any CPU
		{B6EA2FCF-C3A8-48ED-AAF6-08452EFBD457}.Debug|x86.ActiveCfg = Debug|Any CPU
		{B6EA2FCF-C3A8-48ED-AAF6-08452EFBD457}.Debug|x86.Build.0 = Debug|Any CPU
		{B6EA2FCF-C3A8-48ED-AAF6-08452EFBD457}.Release|Any CPU.ActiveCfg = Release|Any CPU
		{B6EA2FCF-C3A8-48ED-AAF6-08452EFBD457}.Release|Any CPU.Build.0 = Release|Any CPU
		{B6EA2FCF-C3A8-48ED-AAF6-08452EFBD457}.Release|ARM.ActiveCfg = Release|Any CPU
		{B6EA2FCF-C3A8-48ED-AAF6-08452EFBD457}.Release|ARM.Build.0 = Release|Any CPU
		{B6EA2FCF-C3A8-48ED-AAF6-08452EFBD457}.Release|x64.ActiveCfg = Release|Any CPU
		{B6EA2FCF-C3A8-48ED-AAF6-08452EFBD457}.Release|x64.Build.0 = Release|Any CPU
		{B6EA2FCF-C3A8-48ED-AAF6-08452EFBD457}.Release|x86.ActiveCfg = Release|Any CPU
		{B6EA2FCF-C3A8-48ED-AAF6-08452EFBD457}.Release|x86.Build.0 = Release|Any CPU
		{DFA1B9A2-0C44-4282-B4FD-B7EADDE96FE7}.Debug|Any CPU.ActiveCfg = Debug|Any CPU
		{DFA1B9A2-0C44-4282-B4FD-B7EADDE96FE7}.Debug|Any CPU.Build.0 = Debug|Any CPU
		{DFA1B9A2-0C44-4282-B4FD-B7EADDE96FE7}.Debug|ARM.ActiveCfg = Debug|Any CPU
		{DFA1B9A2-0C44-4282-B4FD-B7EADDE96FE7}.Debug|ARM.Build.0 = Debug|Any CPU
		{DFA1B9A2-0C44-4282-B4FD-B7EADDE96FE7}.Debug|x64.ActiveCfg = Debug|Any CPU
		{DFA1B9A2-0C44-4282-B4FD-B7EADDE96FE7}.Debug|x64.Build.0 = Debug|Any CPU
		{DFA1B9A2-0C44-4282-B4FD-B7EADDE96FE7}.Debug|x86.ActiveCfg = Debug|Any CPU
		{DFA1B9A2-0C44-4282-B4FD-B7EADDE96FE7}.Debug|x86.Build.0 = Debug|Any CPU
		{DFA1B9A2-0C44-4282-B4FD-B7EADDE96FE7}.Release|Any CPU.ActiveCfg = Release|Any CPU
		{DFA1B9A2-0C44-4282-B4FD-B7EADDE96FE7}.Release|Any CPU.Build.0 = Release|Any CPU
		{DFA1B9A2-0C44-4282-B4FD-B7EADDE96FE7}.Release|ARM.ActiveCfg = Release|Any CPU
		{DFA1B9A2-0C44-4282-B4FD-B7EADDE96FE7}.Release|ARM.Build.0 = Release|Any CPU
		{DFA1B9A2-0C44-4282-B4FD-B7EADDE96FE7}.Release|x64.ActiveCfg = Release|Any CPU
		{DFA1B9A2-0C44-4282-B4FD-B7EADDE96FE7}.Release|x64.Build.0 = Release|Any CPU
		{DFA1B9A2-0C44-4282-B4FD-B7EADDE96FE7}.Release|x86.ActiveCfg = Release|Any CPU
		{DFA1B9A2-0C44-4282-B4FD-B7EADDE96FE7}.Release|x86.Build.0 = Release|Any CPU
		{8FE3F1B4-5EB3-478B-8FC3-1560A3473810}.Debug|Any CPU.ActiveCfg = Debug|Any CPU
		{8FE3F1B4-5EB3-478B-8FC3-1560A3473810}.Debug|Any CPU.Build.0 = Debug|Any CPU
		{8FE3F1B4-5EB3-478B-8FC3-1560A3473810}.Debug|ARM.ActiveCfg = Debug|Any CPU
		{8FE3F1B4-5EB3-478B-8FC3-1560A3473810}.Debug|ARM.Build.0 = Debug|Any CPU
		{8FE3F1B4-5EB3-478B-8FC3-1560A3473810}.Debug|x64.ActiveCfg = Debug|Any CPU
		{8FE3F1B4-5EB3-478B-8FC3-1560A3473810}.Debug|x64.Build.0 = Debug|Any CPU
		{8FE3F1B4-5EB3-478B-8FC3-1560A3473810}.Debug|x86.ActiveCfg = Debug|Any CPU
		{8FE3F1B4-5EB3-478B-8FC3-1560A3473810}.Debug|x86.Build.0 = Debug|Any CPU
		{8FE3F1B4-5EB3-478B-8FC3-1560A3473810}.Release|Any CPU.ActiveCfg = Release|Any CPU
		{8FE3F1B4-5EB3-478B-8FC3-1560A3473810}.Release|Any CPU.Build.0 = Release|Any CPU
		{8FE3F1B4-5EB3-478B-8FC3-1560A3473810}.Release|ARM.ActiveCfg = Release|Any CPU
		{8FE3F1B4-5EB3-478B-8FC3-1560A3473810}.Release|ARM.Build.0 = Release|Any CPU
		{8FE3F1B4-5EB3-478B-8FC3-1560A3473810}.Release|x64.ActiveCfg = Release|Any CPU
		{8FE3F1B4-5EB3-478B-8FC3-1560A3473810}.Release|x64.Build.0 = Release|Any CPU
		{8FE3F1B4-5EB3-478B-8FC3-1560A3473810}.Release|x86.ActiveCfg = Release|Any CPU
		{8FE3F1B4-5EB3-478B-8FC3-1560A3473810}.Release|x86.Build.0 = Release|Any CPU
		{CE11498F-88DC-4487-9CB8-6971144B8E33}.Debug|Any CPU.ActiveCfg = Debug|Any CPU
		{CE11498F-88DC-4487-9CB8-6971144B8E33}.Debug|Any CPU.Build.0 = Debug|Any CPU
		{CE11498F-88DC-4487-9CB8-6971144B8E33}.Debug|ARM.ActiveCfg = Debug|Any CPU
		{CE11498F-88DC-4487-9CB8-6971144B8E33}.Debug|ARM.Build.0 = Debug|Any CPU
		{CE11498F-88DC-4487-9CB8-6971144B8E33}.Debug|x64.ActiveCfg = Debug|Any CPU
		{CE11498F-88DC-4487-9CB8-6971144B8E33}.Debug|x64.Build.0 = Debug|Any CPU
		{CE11498F-88DC-4487-9CB8-6971144B8E33}.Debug|x86.ActiveCfg = Debug|Any CPU
		{CE11498F-88DC-4487-9CB8-6971144B8E33}.Debug|x86.Build.0 = Debug|Any CPU
		{CE11498F-88DC-4487-9CB8-6971144B8E33}.Release|Any CPU.ActiveCfg = Release|Any CPU
		{CE11498F-88DC-4487-9CB8-6971144B8E33}.Release|Any CPU.Build.0 = Release|Any CPU
		{CE11498F-88DC-4487-9CB8-6971144B8E33}.Release|ARM.ActiveCfg = Release|Any CPU
		{CE11498F-88DC-4487-9CB8-6971144B8E33}.Release|ARM.Build.0 = Release|Any CPU
		{CE11498F-88DC-4487-9CB8-6971144B8E33}.Release|x64.ActiveCfg = Release|Any CPU
		{CE11498F-88DC-4487-9CB8-6971144B8E33}.Release|x64.Build.0 = Release|Any CPU
		{CE11498F-88DC-4487-9CB8-6971144B8E33}.Release|x86.ActiveCfg = Release|Any CPU
		{CE11498F-88DC-4487-9CB8-6971144B8E33}.Release|x86.Build.0 = Release|Any CPU
		{43FD6C96-4123-4B16-828B-0DF90D13C7C3}.Debug|Any CPU.ActiveCfg = Debug|Any CPU
		{43FD6C96-4123-4B16-828B-0DF90D13C7C3}.Debug|Any CPU.Build.0 = Debug|Any CPU
		{43FD6C96-4123-4B16-828B-0DF90D13C7C3}.Debug|ARM.ActiveCfg = Debug|Any CPU
		{43FD6C96-4123-4B16-828B-0DF90D13C7C3}.Debug|ARM.Build.0 = Debug|Any CPU
		{43FD6C96-4123-4B16-828B-0DF90D13C7C3}.Debug|x64.ActiveCfg = Debug|Any CPU
		{43FD6C96-4123-4B16-828B-0DF90D13C7C3}.Debug|x64.Build.0 = Debug|Any CPU
		{43FD6C96-4123-4B16-828B-0DF90D13C7C3}.Debug|x86.ActiveCfg = Debug|Any CPU
		{43FD6C96-4123-4B16-828B-0DF90D13C7C3}.Debug|x86.Build.0 = Debug|Any CPU
		{43FD6C96-4123-4B16-828B-0DF90D13C7C3}.Release|Any CPU.ActiveCfg = Release|Any CPU
		{43FD6C96-4123-4B16-828B-0DF90D13C7C3}.Release|Any CPU.Build.0 = Release|Any CPU
		{43FD6C96-4123-4B16-828B-0DF90D13C7C3}.Release|ARM.ActiveCfg = Release|Any CPU
		{43FD6C96-4123-4B16-828B-0DF90D13C7C3}.Release|ARM.Build.0 = Release|Any CPU
		{43FD6C96-4123-4B16-828B-0DF90D13C7C3}.Release|x64.ActiveCfg = Release|Any CPU
		{43FD6C96-4123-4B16-828B-0DF90D13C7C3}.Release|x64.Build.0 = Release|Any CPU
		{43FD6C96-4123-4B16-828B-0DF90D13C7C3}.Release|x86.ActiveCfg = Release|Any CPU
		{43FD6C96-4123-4B16-828B-0DF90D13C7C3}.Release|x86.Build.0 = Release|Any CPU
		{498AB994-E082-4D9A-B98C-4AC8623EC0FC}.Debug|Any CPU.ActiveCfg = Debug|Any CPU
		{498AB994-E082-4D9A-B98C-4AC8623EC0FC}.Debug|Any CPU.Build.0 = Debug|Any CPU
		{498AB994-E082-4D9A-B98C-4AC8623EC0FC}.Debug|ARM.ActiveCfg = Debug|Any CPU
		{498AB994-E082-4D9A-B98C-4AC8623EC0FC}.Debug|ARM.Build.0 = Debug|Any CPU
		{498AB994-E082-4D9A-B98C-4AC8623EC0FC}.Debug|x64.ActiveCfg = Debug|Any CPU
		{498AB994-E082-4D9A-B98C-4AC8623EC0FC}.Debug|x64.Build.0 = Debug|Any CPU
		{498AB994-E082-4D9A-B98C-4AC8623EC0FC}.Debug|x86.ActiveCfg = Debug|Any CPU
		{498AB994-E082-4D9A-B98C-4AC8623EC0FC}.Debug|x86.Build.0 = Debug|Any CPU
		{498AB994-E082-4D9A-B98C-4AC8623EC0FC}.Release|Any CPU.ActiveCfg = Release|Any CPU
		{498AB994-E082-4D9A-B98C-4AC8623EC0FC}.Release|Any CPU.Build.0 = Release|Any CPU
		{498AB994-E082-4D9A-B98C-4AC8623EC0FC}.Release|ARM.ActiveCfg = Release|Any CPU
		{498AB994-E082-4D9A-B98C-4AC8623EC0FC}.Release|ARM.Build.0 = Release|Any CPU
		{498AB994-E082-4D9A-B98C-4AC8623EC0FC}.Release|x64.ActiveCfg = Release|Any CPU
		{498AB994-E082-4D9A-B98C-4AC8623EC0FC}.Release|x64.Build.0 = Release|Any CPU
		{498AB994-E082-4D9A-B98C-4AC8623EC0FC}.Release|x86.ActiveCfg = Release|Any CPU
		{498AB994-E082-4D9A-B98C-4AC8623EC0FC}.Release|x86.Build.0 = Release|Any CPU
		{66286E6C-5855-402A-A35A-F04D8C42A25C}.Debug|Any CPU.ActiveCfg = Debug|Any CPU
		{66286E6C-5855-402A-A35A-F04D8C42A25C}.Debug|Any CPU.Build.0 = Debug|Any CPU
		{66286E6C-5855-402A-A35A-F04D8C42A25C}.Debug|ARM.ActiveCfg = Debug|Any CPU
		{66286E6C-5855-402A-A35A-F04D8C42A25C}.Debug|ARM.Build.0 = Debug|Any CPU
		{66286E6C-5855-402A-A35A-F04D8C42A25C}.Debug|x64.ActiveCfg = Debug|Any CPU
		{66286E6C-5855-402A-A35A-F04D8C42A25C}.Debug|x64.Build.0 = Debug|Any CPU
		{66286E6C-5855-402A-A35A-F04D8C42A25C}.Debug|x86.ActiveCfg = Debug|Any CPU
		{66286E6C-5855-402A-A35A-F04D8C42A25C}.Debug|x86.Build.0 = Debug|Any CPU
		{66286E6C-5855-402A-A35A-F04D8C42A25C}.Release|Any CPU.ActiveCfg = Release|Any CPU
		{66286E6C-5855-402A-A35A-F04D8C42A25C}.Release|Any CPU.Build.0 = Release|Any CPU
		{66286E6C-5855-402A-A35A-F04D8C42A25C}.Release|ARM.ActiveCfg = Release|Any CPU
		{66286E6C-5855-402A-A35A-F04D8C42A25C}.Release|ARM.Build.0 = Release|Any CPU
		{66286E6C-5855-402A-A35A-F04D8C42A25C}.Release|x64.ActiveCfg = Release|Any CPU
		{66286E6C-5855-402A-A35A-F04D8C42A25C}.Release|x64.Build.0 = Release|Any CPU
		{66286E6C-5855-402A-A35A-F04D8C42A25C}.Release|x86.ActiveCfg = Release|Any CPU
		{66286E6C-5855-402A-A35A-F04D8C42A25C}.Release|x86.Build.0 = Release|Any CPU
		{D562FCE1-4668-4987-9A08-97B2EFE21E04}.Debug|Any CPU.ActiveCfg = Debug|Any CPU
		{D562FCE1-4668-4987-9A08-97B2EFE21E04}.Debug|Any CPU.Build.0 = Debug|Any CPU
		{D562FCE1-4668-4987-9A08-97B2EFE21E04}.Debug|ARM.ActiveCfg = Debug|Any CPU
		{D562FCE1-4668-4987-9A08-97B2EFE21E04}.Debug|ARM.Build.0 = Debug|Any CPU
		{D562FCE1-4668-4987-9A08-97B2EFE21E04}.Debug|x64.ActiveCfg = Debug|Any CPU
		{D562FCE1-4668-4987-9A08-97B2EFE21E04}.Debug|x64.Build.0 = Debug|Any CPU
		{D562FCE1-4668-4987-9A08-97B2EFE21E04}.Debug|x86.ActiveCfg = Debug|Any CPU
		{D562FCE1-4668-4987-9A08-97B2EFE21E04}.Debug|x86.Build.0 = Debug|Any CPU
		{D562FCE1-4668-4987-9A08-97B2EFE21E04}.Release|Any CPU.ActiveCfg = Release|Any CPU
		{D562FCE1-4668-4987-9A08-97B2EFE21E04}.Release|Any CPU.Build.0 = Release|Any CPU
		{D562FCE1-4668-4987-9A08-97B2EFE21E04}.Release|ARM.ActiveCfg = Release|Any CPU
		{D562FCE1-4668-4987-9A08-97B2EFE21E04}.Release|ARM.Build.0 = Release|Any CPU
		{D562FCE1-4668-4987-9A08-97B2EFE21E04}.Release|x64.ActiveCfg = Release|Any CPU
		{D562FCE1-4668-4987-9A08-97B2EFE21E04}.Release|x64.Build.0 = Release|Any CPU
		{D562FCE1-4668-4987-9A08-97B2EFE21E04}.Release|x86.ActiveCfg = Release|Any CPU
		{D562FCE1-4668-4987-9A08-97B2EFE21E04}.Release|x86.Build.0 = Release|Any CPU
	EndGlobalSection
	GlobalSection(SolutionProperties) = preSolution
		HideSolutionNode = FALSE
	EndGlobalSection
	GlobalSection(NestedProjects) = preSolution
		{63794A2A-9265-4A4C-810E-C4C2EE7723C1} = {6297BDB4-1B98-419A-974A-6CCC30BA3A67}
		{FD680D52-4E43-4DFB-9949-BADDB74B1BBE} = {6297BDB4-1B98-419A-974A-6CCC30BA3A67}
		{7304BCDD-40C6-4CED-801D-69B15CC3FDE0} = {6297BDB4-1B98-419A-974A-6CCC30BA3A67}
		{F7BBDDA5-1D08-42DF-9948-C629117E3BFF} = {6297BDB4-1B98-419A-974A-6CCC30BA3A67}
		{3E62A434-EADF-4C81-8D47-F1AE1F9C10DB} = {0B7E78F1-1037-402F-8692-CFB57B2CEDBC}
		{8B4058AB-78A2-48AE-9CAD-8D3108606511} = {0B7E78F1-1037-402F-8692-CFB57B2CEDBC}
		{6F8A3264-C9AF-4AC7-AF38-D9586635CC9B} = {0B7E78F1-1037-402F-8692-CFB57B2CEDBC}
		{B2090424-86D2-4F1D-9736-A1F4D5C5B71F} = {0B7E78F1-1037-402F-8692-CFB57B2CEDBC}
		{A1E3D9AE-048F-473A-9EBF-A767F7499B5F} = {0B7E78F1-1037-402F-8692-CFB57B2CEDBC}
		{F3FC99FA-9D69-4147-A4C9-84C50E1DDD75} = {0B7E78F1-1037-402F-8692-CFB57B2CEDBC}
		{B6EA2FCF-C3A8-48ED-AAF6-08452EFBD457} = {0B7E78F1-1037-402F-8692-CFB57B2CEDBC}
		{DFA1B9A2-0C44-4282-B4FD-B7EADDE96FE7} = {0B7E78F1-1037-402F-8692-CFB57B2CEDBC}
		{8FE3F1B4-5EB3-478B-8FC3-1560A3473810} = {0B7E78F1-1037-402F-8692-CFB57B2CEDBC}
		{CE11498F-88DC-4487-9CB8-6971144B8E33} = {0B7E78F1-1037-402F-8692-CFB57B2CEDBC}
		{43FD6C96-4123-4B16-828B-0DF90D13C7C3} = {0B7E78F1-1037-402F-8692-CFB57B2CEDBC}
		{498AB994-E082-4D9A-B98C-4AC8623EC0FC} = {0B7E78F1-1037-402F-8692-CFB57B2CEDBC}
		{66286E6C-5855-402A-A35A-F04D8C42A25C} = {0B7E78F1-1037-402F-8692-CFB57B2CEDBC}
		{D562FCE1-4668-4987-9A08-97B2EFE21E04} = {0B7E78F1-1037-402F-8692-CFB57B2CEDBC}
	EndGlobalSection
EndGlobal
